
Microsoft Visual Studio Solution File, Format Version 12.00
Project("{FAE04EC0-301F-11D3-BF4B-00C04F79EFBC}") = "ModernPos", "src\ModernPos\ModernPos.csproj", "{CF67A797-ED62-41C0-9890-358D910F3685}"
EndProject
Project("{2150E333-8FDC-42A3-9474-1A3956D46DE8}") = "src", "src", "{4963E62F-9A9B-46B1-94DF-14F8BE007A0B}"
EndProject
Project("{2150E333-8FDC-42A3-9474-1A3956D46DE8}") = "tests", "tests", "{EF94D616-80C3-4EB9-9CDC-52108EF62E00}"
EndProject
Project("{FAE04EC0-301F-11D3-BF4B-00C04F79EFBC}") = "ModernPos.Domain", "src\ModernPos.Domain\ModernPos.Domain.csproj", "{F8F71434-6AA4-4020-900E-1D9E67DD209A}"
EndProject
Project("{FAE04EC0-301F-11D3-BF4B-00C04F79EFBC}") = "ModernPos.Application", "src\ModernPos.Application\ModernPos.Application.csproj", "{A322D172-3FB0-4B6F-9041-FD9D29629836}"
EndProject
Project("{FAE04EC0-301F-11D3-BF4B-00C04F79EFBC}") = "ModernPos.Infrastructure", "src\ModernPos.Infrastructure\ModernPos.Infrastructure.csproj", "{CA7F7402-4D9F-4AB9-9BF3-8BB4BC213319}"
EndProject
Global
	GlobalSection(SolutionConfigurationPlatforms) = preSolution
		Debug|Any CPU = Debug|Any CPU
		Release|Any CPU = Release|Any CPU
	EndGlobalSection
	GlobalSection(ProjectConfigurationPlatforms) = postSolution
		{CF67A797-ED62-41C0-9890-358D910F3685}.Debug|Any CPU.ActiveCfg = Debug|Any CPU
		{CF67A797-ED62-41C0-9890-358D910F3685}.Debug|Any CPU.Build.0 = Debug|Any CPU
		{CF67A797-ED62-41C0-9890-358D910F3685}.Release|Any CPU.ActiveCfg = Release|Any CPU
		{CF67A797-ED62-41C0-9890-358D910F3685}.Release|Any CPU.Build.0 = Release|Any CPU
		{F8F71434-6AA4-4020-900E-1D9E67DD209A}.Debug|Any CPU.ActiveCfg = Debug|Any CPU
		{F8F71434-6AA4-4020-900E-1D9E67DD209A}.Debug|Any CPU.Build.0 = Debug|Any CPU
		{F8F71434-6AA4-4020-900E-1D9E67DD209A}.Release|Any CPU.ActiveCfg = Release|Any CPU
		{F8F71434-6AA4-4020-900E-1D9E67DD209A}.Release|Any CPU.Build.0 = Release|Any CPU
		{A322D172-3FB0-4B6F-9041-FD9D29629836}.Debug|Any CPU.ActiveCfg = Debug|Any CPU
		{A322D172-3FB0-4B6F-9041-FD9D29629836}.Debug|Any CPU.Build.0 = Debug|Any CPU
		{A322D172-3FB0-4B6F-9041-FD9D29629836}.Release|Any CPU.ActiveCfg = Release|Any CPU
		{A322D172-3FB0-4B6F-9041-FD9D29629836}.Release|Any CPU.Build.0 = Release|Any CPU
		{CA7F7402-4D9F-4AB9-9BF3-8BB4BC213319}.Debug|Any CPU.ActiveCfg = Debug|Any CPU
		{CA7F7402-4D9F-4AB9-9BF3-8BB4BC213319}.Debug|Any CPU.Build.0 = Debug|Any CPU
		{CA7F7402-4D9F-4AB9-9BF3-8BB4BC213319}.Release|Any CPU.ActiveCfg = Release|Any CPU
		{CA7F7402-4D9F-4AB9-9BF3-8BB4BC213319}.Release|Any CPU.Build.0 = Release|Any CPU
	EndGlobalSection
	GlobalSection(NestedProjects) = preSolution
		{CF67A797-ED62-41C0-9890-358D910F3685} = {4963E62F-9A9B-46B1-94DF-14F8BE007A0B}
		{F8F71434-6AA4-4020-900E-1D9E67DD209A} = {4963E62F-9A9B-46B1-94DF-14F8BE007A0B}
		{A322D172-3FB0-4B6F-9041-FD9D29629836} = {4963E62F-9A9B-46B1-94DF-14F8BE007A0B}
		{CA7F7402-4D9F-4AB9-9BF3-8BB4BC213319} = {4963E62F-9A9B-46B1-94DF-14F8BE007A0B}
	EndGlobalSection
EndGlobal
